PODS:
  - Differentiator (5.0.0)
  - Fakery (5.1.0)
  - Reusable (4.1.2):
    - Reusable/Storyboard (= 4.1.2)
    - Reusable/View (= 4.1.2)
  - Reusable/Storyboard (4.1.2)
  - Reusable/View (4.1.2)
  - RxBinding (0.5):
    - RxCocoa (~> 6)
    - RxSwift (~> 6)
  - RxCocoa (6.2.0):
    - RxRelay (= 6.2.0)
    - RxSwift (= 6.2.0)
  - RxController (1.0.0):
    - RxCocoa (~> 6)
    - RxFlow (~> 2.12.0)
    - RxSwift (~> 6)
  - RxDataSources (5.0.0):
    - Differentiator (~> 5.0)
    - RxCocoa (~> 6.0)
    - RxSwift (~> 6.0)
  - RxDataSourcesSingleSection (0.3):
    - Reusable (~> 4)
    - RxCocoa (~> 6)
    - RxDataSources (~> 5)
    - RxSwift (~> 6)
  - RxFlow (2.12.4):
    - RxCocoa (>= 6.0.0)
    - RxSwift (>= 6.0.0)
  - RxRelay (6.2.0):
    - RxSwift (= 6.2.0)
  - RxSwift (6.2.0)
  - SnapKit (5.0.1)

DEPENDENCIES:
  - Fakery
  - RxBinding
  - RxController (from `../`)
  - RxDataSourcesSingleSection
  - SnapKit

SPEC REPOS:
  trunk:
    - Differentiator
    - Fakery
    - Reusable
    - RxBinding
    - RxCocoa
    - RxDataSources
    - RxDataSourcesSingleSection
    - RxFlow
    - RxRelay
    - RxSwift
    - SnapKit

EXTERNAL SOURCES:
  RxController:
    :path: "../"

SPEC CHECKSUMS:
  Differentiator: e8497ceab83c1b10ca233716d547b9af21b9344d
  Fakery: a90caff00ca5cacde6c161c3eafc72314a03d34d
  Reusable: 6bae6a5e8aa793c9c441db0213c863a64bce9136
  RxBinding: e3c76d02d0ee3f1a306a0fb8e8ef6f2eda65a375
  RxCocoa: 4baf94bb35f2c0ab31bc0cb9f1900155f646ba42
  RxController: 2590220770cc46f7918a399b46468fd06574c06c
  RxDataSources: aa47cc1ed6c500fa0dfecac5c979b723542d79cf
  RxDataSourcesSingleSection: e646e523ad92109293b22e745b55dcb38bea7a58
  RxFlow: 03a73c83fb8f183107074b40ab2544c668583f73
  RxRelay: e72dbfd157807478401ef1982e1c61c945c94b2f
  RxSwift: d356ab7bee873611322f134c5f9ef379fa183d8f
  SnapKit: 97b92857e3df3a0c71833cce143274bf6ef8e5eb

PODFILE CHECKSUM: ba6283578e076eb1e1d926dfc1c2610458f4d335

COCOAPODS: 1.11.2
