PODS:
  - Differentiator (5.0.0)
  - Fakery (5.1.0)
  - Reusable (4.1.2):
    - Reusable/Storyboard (= 4.1.2)
    - Reusable/View (= 4.1.2)
  - Reusable/Storyboard (4.1.2)
  - Reusable/View (4.1.2)
  - RxBinding (0.5):
    - RxCocoa (~> 6)
    - RxSwift (~> 6)
  - RxCocoa (6.5.0):
    - RxRelay (= 6.5.0)
    - RxSwift (= 6.5.0)
  - RxController (1.2.0):
    - RxCocoa (~> 6)
    - RxFlow (~> 2.12.0)
    - RxSwift (~> 6)
  - RxDataSources (5.0.0):
    - Differentiator (~> 5.0)
    - RxCocoa (~> 6.0)
    - RxSwift (~> 6.0)
  - RxDataSourcesSingleSection (0.3):
    - Reusable (~> 4)
    - RxCocoa (~> 6)
    - RxDataSources (~> 5)
    - RxSwift (~> 6)
  - RxFlow (2.12.4):
    - RxCocoa (>= 6.0.0)
    - RxSwift (>= 6.0.0)
  - RxRelay (6.5.0):
    - RxSwift (= 6.5.0)
  - RxSwift (6.5.0)
  - SnapKit (5.6.0)

DEPENDENCIES:
  - Fakery
  - RxBinding
  - RxController (from `../`)
  - RxDataSourcesSingleSection
  - SnapKit

SPEC REPOS:
  trunk:
    - Differentiator
    - Fakery
    - Reusable
    - RxBinding
    - RxCocoa
    - RxDataSources
    - RxDataSourcesSingleSection
    - RxFlow
    - RxRelay
    - RxSwift
    - SnapKit

EXTERNAL SOURCES:
  RxController:
    :path: "../"

SPEC CHECKSUMS:
  Differentiator: e8497ceab83c1b10ca233716d547b9af21b9344d
  Fakery: a90caff00ca5cacde6c161c3eafc72314a03d34d
  Reusable: 6bae6a5e8aa793c9c441db0213c863a64bce9136
  RxBinding: e3c76d02d0ee3f1a306a0fb8e8ef6f2eda65a375
  RxCocoa: 94f817b71c07517321eb4f9ad299112ca8af743b
  RxController: fd0582e618d05f506ea583143c0ccb35a4e4cc57
  RxDataSources: aa47cc1ed6c500fa0dfecac5c979b723542d79cf
  RxDataSourcesSingleSection: e646e523ad92109293b22e745b55dcb38bea7a58
  RxFlow: 03a73c83fb8f183107074b40ab2544c668583f73
  RxRelay: 1de1523e604c72b6c68feadedd1af3b1b4d0ecbd
  RxSwift: 5710a9e6b17f3c3d6e40d6e559b9fa1e813b2ef8
  SnapKit: e01d52ebb8ddbc333eefe2132acf85c8227d9c25

PODFILE CHECKSUM: ba6283578e076eb1e1d926dfc1c2610458f4d335

COCOAPODS: 1.11.3
